// !$*UTF8*$!
{
	archiveVersion = 1;
	classes = {
	};
	objectVersion = 56;
	objects = {

/* Begin PBXBuildFile section */
		85352A8E29FF5A2F00130AEA /* BeGreenApp.swift in Sources */ = {isa = PBXBuildFile; fileRef = 85352A8D29FF5A2F00130AEA /* BeGreenApp.swift */; };
		85352A9029FF5A2F00130AEA /* ContentView.swift in Sources */ = {isa = PBXBuildFile; fileRef = 85352A8F29FF5A2F00130AEA /* ContentView.swift */; };
		85352A9229FF5A3100130AEA /* Assets.xcassets in Resources */ = {isa = PBXBuildFile; fileRef = 85352A9129FF5A3100130AEA /* Assets.xcassets */; };
		85352A9529FF5A3100130AEA /* Preview Assets.xcassets in Resources */ = {isa = PBXBuildFile; fileRef = 85352A9429FF5A3100130AEA /* Preview Assets.xcassets */; };
		85352A9F29FF5A3100130AEA /* BeGreenTests.swift in Sources */ = {isa = PBXBuildFile; fileRef = 85352A9E29FF5A3100130AEA /* BeGreenTests.swift */; };
		85352AA929FF5A3100130AEA /* BeGreenUITests.swift in Sources */ = {isa = PBXBuildFile; fileRef = 85352AA829FF5A3100130AEA /* BeGreenUITests.swift */; };
		85352AAB29FF5A3100130AEA /* BeGreenUITestsLaunchTests.swift in Sources */ = {isa = PBXBuildFile; fileRef = 85352AAA29FF5A3100130AEA /* BeGreenUITestsLaunchTests.swift */; };
		85352AB829FF701400130AEA /* LaunchScreenView.swift in Sources */ = {isa = PBXBuildFile; fileRef = 85352AB729FF701400130AEA /* LaunchScreenView.swift */; };
		85352ABA29FF721E00130AEA /* SceneDelegate.swift in Sources */ = {isa = PBXBuildFile; fileRef = 85352AB929FF721E00130AEA /* SceneDelegate.swift */; };
		85352AC029FF745100130AEA /* HomeScreenView.swift in Sources */ = {isa = PBXBuildFile; fileRef = 85352ABF29FF745100130AEA /* HomeScreenView.swift */; };
		85352AC229FF75BD00130AEA /* QuestDetailView.swift in Sources */ = {isa = PBXBuildFile; fileRef = 85352AC129FF75BD00130AEA /* QuestDetailView.swift */; };
		85352AC429FF76E600130AEA /* RewardsView.swift in Sources */ = {isa = PBXBuildFile; fileRef = 85352AC329FF76E600130AEA /* RewardsView.swift */; };
		85352AC629FF788B00130AEA /* ProgressTrackingView.swift in Sources */ = {isa = PBXBuildFile; fileRef = 85352AC529FF788B00130AEA /* ProgressTrackingView.swift */; };
		85352AC829FF7B7800130AEA /* EducationSectionView.swift in Sources */ = {isa = PBXBuildFile; fileRef = 85352AC729FF7B7800130AEA /* EducationSectionView.swift */; };
		85352ACA29FF7E6B00130AEA /* FriendsListView.swift in Sources */ = {isa = PBXBuildFile; fileRef = 85352AC929FF7E6B00130AEA /* FriendsListView.swift */; };
		85352ACC29FF7E8400130AEA /* ProfileView.swift in Sources */ = {isa = PBXBuildFile; fileRef = 85352ACB29FF7E8400130AEA /* ProfileView.swift */; };
		85352ACE29FF818200130AEA /* ChallengeView.swift in Sources */ = {isa = PBXBuildFile; fileRef = 85352ACD29FF818200130AEA /* ChallengeView.swift */; };
		85352AD029FF81AF00130AEA /* ChallengeDetailView.swift in Sources */ = {isa = PBXBuildFile; fileRef = 85352ACF29FF81AF00130AEA /* ChallengeDetailView.swift */; };
		85352AD229FF825D00130AEA /* LeaderboardView.swift in Sources */ = {isa = PBXBuildFile; fileRef = 85352AD129FF825D00130AEA /* LeaderboardView.swift */; };
		85352AD429FF84B900130AEA /* SocialFeedView.swift in Sources */ = {isa = PBXBuildFile; fileRef = 85352AD329FF84B900130AEA /* SocialFeedView.swift */; };
		85352AD629FF8A0100130AEA /* CollaborativeQuestDetailView.swift in Sources */ = {isa = PBXBuildFile; fileRef = 85352AD529FF8A0100130AEA /* CollaborativeQuestDetailView.swift */; };
/* End PBXBuildFile section */

/* Begin PBXContainerItemProxy section */
		85352A9B29FF5A3100130AEA /* PBXContainerItemProxy */ = {
			isa = PBXContainerItemProxy;
			containerPortal = 85352A8229FF5A2F00130AEA /* Project object */;
			proxyType = 1;
			remoteGlobalIDString = 85352A8929FF5A2F00130AEA;
			remoteInfo = BeGreen;
		};
		85352AA529FF5A3100130AEA /* PBXContainerItemProxy */ = {
			isa = PBXContainerItemProxy;
			containerPortal = 85352A8229FF5A2F00130AEA /* Project object */;
			proxyType = 1;
			remoteGlobalIDString = 85352A8929FF5A2F00130AEA;
			remoteInfo = BeGreen;
		};
/* End PBXContainerItemProxy section */

/* Begin PBXFileReference section */
		85352A8A29FF5A2F00130AEA /* BeGreen.app */ = {isa = PBXFileReference; explicitFileType = wrapper.application; includeInIndex = 0; path = BeGreen.app; sourceTree = BUILT_PRODUCTS_DIR; };
		85352A8D29FF5A2F00130AEA /* BeGreenApp.swift */ = {isa = PBXFileReference; lastKnownFileType = sourcecode.swift; path = BeGreenApp.swift; sourceTree = "<group>"; };
		85352A8F29FF5A2F00130AEA /* ContentView.swift */ = {isa = PBXFileReference; lastKnownFileType = sourcecode.swift; path = ContentView.swift; sourceTree = "<group>"; };
		85352A9129FF5A3100130AEA /* Assets.xcassets */ = {isa = PBXFileReference; lastKnownFileType = folder.assetcatalog; path = Assets.xcassets; sourceTree = "<group>"; };
		85352A9429FF5A3100130AEA /* Preview Assets.xcassets */ = {isa = PBXFileReference; lastKnownFileType = folder.assetcatalog; path = "Preview Assets.xcassets"; sourceTree = "<group>"; };
		85352A9A29FF5A3100130AEA /* BeGreenTests.xctest */ = {isa = PBXFileReference; explicitFileType = wrapper.cfbundle; includeInIndex = 0; path = BeGreenTests.xctest; sourceTree = BUILT_PRODUCTS_DIR; };
		85352A9E29FF5A3100130AEA /* BeGreenTests.swift */ = {isa = PBXFileReference; lastKnownFileType = sourcecode.swift; path = BeGreenTests.swift; sourceTree = "<group>"; };
		85352AA429FF5A3100130AEA /* BeGreenUITests.xctest */ = {isa = PBXFileReference; explicitFileType = wrapper.cfbundle; includeInIndex = 0; path = BeGreenUITests.xctest; sourceTree = BUILT_PRODUCTS_DIR; };
		85352AA829FF5A3100130AEA /* BeGreenUITests.swift */ = {isa = PBXFileReference; lastKnownFileType = sourcecode.swift; path = BeGreenUITests.swift; sourceTree = "<group>"; };
		85352AAA29FF5A3100130AEA /* BeGreenUITestsLaunchTests.swift */ = {isa = PBXFileReference; lastKnownFileType = sourcecode.swift; path = BeGreenUITestsLaunchTests.swift; sourceTree = "<group>"; };
		85352AB729FF701400130AEA /* LaunchScreenView.swift */ = {isa = PBXFileReference; lastKnownFileType = sourcecode.swift; path = LaunchScreenView.swift; sourceTree = "<group>"; };
		85352AB929FF721E00130AEA /* SceneDelegate.swift */ = {isa = PBXFileReference; lastKnownFileType = sourcecode.swift; path = SceneDelegate.swift; sourceTree = "<group>"; };
		85352ABF29FF745100130AEA /* HomeScreenView.swift */ = {isa = PBXFileReference; lastKnownFileType = sourcecode.swift; path = HomeScreenView.swift; sourceTree = "<group>"; };
		85352AC129FF75BD00130AEA /* QuestDetailView.swift */ = {isa = PBXFileReference; lastKnownFileType = sourcecode.swift; path = QuestDetailView.swift; sourceTree = "<group>"; };
		85352AC329FF76E600130AEA /* RewardsView.swift */ = {isa = PBXFileReference; lastKnownFileType = sourcecode.swift; path = RewardsView.swift; sourceTree = "<group>"; };
		85352AC529FF788B00130AEA /* ProgressTrackingView.swift */ = {isa = PBXFileReference; lastKnownFileType = sourcecode.swift; path = ProgressTrackingView.swift; sourceTree = "<group>"; };
		85352AC729FF7B7800130AEA /* EducationSectionView.swift */ = {isa = PBXFileReference; lastKnownFileType = sourcecode.swift; path = EducationSectionView.swift; sourceTree = "<group>"; };
		85352AC929FF7E6B00130AEA /* FriendsListView.swift */ = {isa = PBXFileReference; lastKnownFileType = sourcecode.swift; path = FriendsListView.swift; sourceTree = "<group>"; };
		85352ACB29FF7E8400130AEA /* ProfileView.swift */ = {isa = PBXFileReference; lastKnownFileType = sourcecode.swift; path = ProfileView.swift; sourceTree = "<group>"; };
		85352ACD29FF818200130AEA /* ChallengeView.swift */ = {isa = PBXFileReference; lastKnownFileType = sourcecode.swift; path = ChallengeView.swift; sourceTree = "<group>"; };
		85352ACF29FF81AF00130AEA /* ChallengeDetailView.swift */ = {isa = PBXFileReference; lastKnownFileType = sourcecode.swift; path = ChallengeDetailView.swift; sourceTree = "<group>"; };
		85352AD129FF825D00130AEA /* LeaderboardView.swift */ = {isa = PBXFileReference; lastKnownFileType = sourcecode.swift; path = LeaderboardView.swift; sourceTree = "<group>"; };
		85352AD329FF84B900130AEA /* SocialFeedView.swift */ = {isa = PBXFileReference; lastKnownFileType = sourcecode.swift; path = SocialFeedView.swift; sourceTree = "<group>"; };
		85352AD529FF8A0100130AEA /* CollaborativeQuestDetailView.swift */ = {isa = PBXFileReference; lastKnownFileType = sourcecode.swift; path = CollaborativeQuestDetailView.swift; sourceTree = "<group>"; };
/* End PBXFileReference section */

/* Begin PBXFrameworksBuildPhase section */
		85352A8729FF5A2F00130AEA /* Frameworks */ = {
			isa = PBXFrameworksBuildPhase;
			buildActionMask = 2147483647;
			files = (
			);
			runOnlyForDeploymentPostprocessing = 0;
		};
		85352A9729FF5A3100130AEA /* Frameworks */ = {
			isa = PBXFrameworksBuildPhase;
			buildActionMask = 2147483647;
			files = (
			);
			runOnlyForDeploymentPostprocessing = 0;
		};
		85352AA129FF5A3100130AEA /* Frameworks */ = {
			isa = PBXFrameworksBuildPhase;
			buildActionMask = 2147483647;
			files = (
			);
			runOnlyForDeploymentPostprocessing = 0;
		};
/* End PBXFrameworksBuildPhase section */

/* Begin PBXGroup section */
		85352A8129FF5A2F00130AEA = {
			isa = PBXGroup;
			children = (
				85352A8C29FF5A2F00130AEA /* BeGreen */,
				85352A9D29FF5A3100130AEA /* BeGreenTests */,
				85352AA729FF5A3100130AEA /* BeGreenUITests */,
				85352A8B29FF5A2F00130AEA /* Products */,
			);
			sourceTree = "<group>";
		};
		85352A8B29FF5A2F00130AEA /* Products */ = {
			isa = PBXGroup;
			children = (
				85352A8A29FF5A2F00130AEA /* BeGreen.app */,
				85352A9A29FF5A3100130AEA /* BeGreenTests.xctest */,
				85352AA429FF5A3100130AEA /* BeGreenUITests.xctest */,
			);
			name = Products;
			sourceTree = "<group>";
		};
		85352A8C29FF5A2F00130AEA /* BeGreen */ = {
			isa = PBXGroup;
			children = (
				85352A8D29FF5A2F00130AEA /* BeGreenApp.swift */,
				85352A8F29FF5A2F00130AEA /* ContentView.swift */,
				85352AD129FF825D00130AEA /* LeaderboardView.swift */,
				85352AC729FF7B7800130AEA /* EducationSectionView.swift */,
				85352ACD29FF818200130AEA /* ChallengeView.swift */,
				85352AB929FF721E00130AEA /* SceneDelegate.swift */,
				85352AD329FF84B900130AEA /* SocialFeedView.swift */,
				85352AC329FF76E600130AEA /* RewardsView.swift */,
				85352AC529FF788B00130AEA /* ProgressTrackingView.swift */,
				85352AD529FF8A0100130AEA /* CollaborativeQuestDetailView.swift */,
				85352AC929FF7E6B00130AEA /* FriendsListView.swift */,
				85352ACB29FF7E8400130AEA /* ProfileView.swift */,
				85352AC129FF75BD00130AEA /* QuestDetailView.swift */,
				85352ACF29FF81AF00130AEA /* ChallengeDetailView.swift */,
				85352ABF29FF745100130AEA /* HomeScreenView.swift */,
				85352AB729FF701400130AEA /* LaunchScreenView.swift */,
				85352A9129FF5A3100130AEA /* Assets.xcassets */,
				85352A9329FF5A3100130AEA /* Preview Content */,
			);
			path = BeGreen;
			sourceTree = "<group>";
		};
		85352A9329FF5A3100130AEA /* Preview Content */ = {
			isa = PBXGroup;
			children = (
				85352A9429FF5A3100130AEA /* Preview Assets.xcassets */,
			);
			path = "Preview Content";
			sourceTree = "<group>";
		};
		85352A9D29FF5A3100130AEA /* BeGreenTests */ = {
			isa = PBXGroup;
			children = (
				85352A9E29FF5A3100130AEA /* BeGreenTests.swift */,
			);
			path = BeGreenTests;
			sourceTree = "<group>";
		};
		85352AA729FF5A3100130AEA /* BeGreenUITests */ = {
			isa = PBXGroup;
			children = (
				85352AA829FF5A3100130AEA /* BeGreenUITests.swift */,
				85352AAA29FF5A3100130AEA /* BeGreenUITestsLaunchTests.swift */,
			);
			path = BeGreenUITests;
			sourceTree = "<group>";
		};
/* End PBXGroup section */

/* Begin PBXNativeTarget section */
		85352A8929FF5A2F00130AEA /* BeGreen */ = {
			isa = PBXNativeTarget;
			buildConfigurationList = 85352AAE29FF5A3100130AEA /* Build configuration list for PBXNativeTarget "BeGreen" */;
			buildPhases = (
				85352A8629FF5A2F00130AEA /* Sources */,
				85352A8729FF5A2F00130AEA /* Frameworks */,
				85352A8829FF5A2F00130AEA /* Resources */,
			);
			buildRules = (
			);
			dependencies = (
			);
			name = BeGreen;
			productName = BeGreen;
			productReference = 85352A8A29FF5A2F00130AEA /* BeGreen.app */;
			productType = "com.apple.product-type.application";
		};
		85352A9929FF5A3100130AEA /* BeGreenTests */ = {
			isa = PBXNativeTarget;
			buildConfigurationList = 85352AB129FF5A3100130AEA /* Build configuration list for PBXNativeTarget "BeGreenTests" */;
			buildPhases = (
				85352A9629FF5A3100130AEA /* Sources */,
				85352A9729FF5A3100130AEA /* Frameworks */,
				85352A9829FF5A3100130AEA /* Resources */,
			);
			buildRules = (
			);
			dependencies = (
				85352A9C29FF5A3100130AEA /* PBXTargetDependency */,
			);
			name = BeGreenTests;
			productName = BeGreenTests;
			productReference = 85352A9A29FF5A3100130AEA /* BeGreenTests.xctest */;
			productType = "com.apple.product-type.bundle.unit-test";
		};
		85352AA329FF5A3100130AEA /* BeGreenUITests */ = {
			isa = PBXNativeTarget;
			buildConfigurationList = 85352AB429FF5A3100130AEA /* Build configuration list for PBXNativeTarget "BeGreenUITests" */;
			buildPhases = (
				85352AA029FF5A3100130AEA /* Sources */,
				85352AA129FF5A3100130AEA /* Frameworks */,
				85352AA229FF5A3100130AEA /* Resources */,
			);
			buildRules = (
			);
			dependencies = (
				85352AA629FF5A3100130AEA /* PBXTargetDependency */,
			);
			name = BeGreenUITests;
			productName = BeGreenUITests;
			productReference = 85352AA429FF5A3100130AEA /* BeGreenUITests.xctest */;
			productType = "com.apple.product-type.bundle.ui-testing";
		};
/* End PBXNativeTarget section */

/* Begin PBXProject section */
		85352A8229FF5A2F00130AEA /* Project object */ = {
			isa = PBXProject;
			attributes = {
				BuildIndependentTargetsInParallel = 1;
				LastSwiftUpdateCheck = 1430;
				LastUpgradeCheck = 1430;
				TargetAttributes = {
					85352A8929FF5A2F00130AEA = {
						CreatedOnToolsVersion = 14.3;
					};
					85352A9929FF5A3100130AEA = {
						CreatedOnToolsVersion = 14.3;
						TestTargetID = 85352A8929FF5A2F00130AEA;
					};
					85352AA329FF5A3100130AEA = {
						CreatedOnToolsVersion = 14.3;
						TestTargetID = 85352A8929FF5A2F00130AEA;
					};
				};
			};
			buildConfigurationList = 85352A8529FF5A2F00130AEA /* Build configuration list for PBXProject "BeGreen" */;
			compatibilityVersion = "Xcode 14.0";
			developmentRegion = en;
			hasScannedForEncodings = 0;
			knownRegions = (
				en,
				Base,
			);
			mainGroup = 85352A8129FF5A2F00130AEA;
			productRefGroup = 85352A8B29FF5A2F00130AEA /* Products */;
			projectDirPath = "";
			projectRoot = "";
			targets = (
				85352A8929FF5A2F00130AEA /* BeGreen */,
				85352A9929FF5A3100130AEA /* BeGreenTests */,
				85352AA329FF5A3100130AEA /* BeGreenUITests */,
			);
		};
/* End PBXProject section */

/* Begin PBXResourcesBuildPhase section */
		85352A8829FF5A2F00130AEA /* Resources */ = {
			isa = PBXResourcesBuildPhase;
			buildActionMask = 2147483647;
			files = (
				85352A9529FF5A3100130AEA /* Preview Assets.xcassets in Resources */,
				85352A9229FF5A3100130AEA /* Assets.xcassets in Resources */,
			);
			runOnlyForDeploymentPostprocessing = 0;
		};
		85352A9829FF5A3100130AEA /* Resources */ = {
			isa = PBXResourcesBuildPhase;
			buildActionMask = 2147483647;
			files = (
			);
			runOnlyForDeploymentPostprocessing = 0;
		};
		85352AA229FF5A3100130AEA /* Resources */ = {
			isa = PBXResourcesBuildPhase;
			buildActionMask = 2147483647;
			files = (
			);
			runOnlyForDeploymentPostprocessing = 0;
		};
/* End PBXResourcesBuildPhase section */

/* Begin PBXSourcesBuildPhase section */
		85352A8629FF5A2F00130AEA /* Sources */ = {
			isa = PBXSourcesBuildPhase;
			buildActionMask = 2147483647;
			files = (
				85352AC629FF788B00130AEA /* ProgressTrackingView.swift in Sources */,
				85352AC229FF75BD00130AEA /* QuestDetailView.swift in Sources */,
				85352AC429FF76E600130AEA /* RewardsView.swift in Sources */,
				85352A9029FF5A2F00130AEA /* ContentView.swift in Sources */,
				85352AD629FF8A0100130AEA /* CollaborativeQuestDetailView.swift in Sources */,
				85352ACA29FF7E6B00130AEA /* FriendsListView.swift in Sources */,
				85352A8E29FF5A2F00130AEA /* BeGreenApp.swift in Sources */,
				85352AC029FF745100130AEA /* HomeScreenView.swift in Sources */,
				85352AB829FF701400130AEA /* LaunchScreenView.swift in Sources */,
				85352AD429FF84B900130AEA /* SocialFeedView.swift in Sources */,
				85352AD029FF81AF00130AEA /* ChallengeDetailView.swift in Sources */,
				85352ACE29FF818200130AEA /* ChallengeView.swift in Sources */,
				85352AD229FF825D00130AEA /* LeaderboardView.swift in Sources */,
				85352AC829FF7B7800130AEA /* EducationSectionView.swift in Sources */,
				85352ACC29FF7E8400130AEA /* ProfileView.swift in Sources */,
				85352ABA29FF721E00130AEA /* SceneDelegate.swift in Sources */,
			);
			runOnlyForDeploymentPostprocessing = 0;
		};
		85352A9629FF5A3100130AEA /* Sources */ = {
			isa = PBXSourcesBuildPhase;
			buildActionMask = 2147483647;
			files = (
				85352A9F29FF5A3100130AEA /* BeGreenTests.swift in Sources */,
			);
			runOnlyForDeploymentPostprocessing = 0;
		};
		85352AA029FF5A3100130AEA /* Sources */ = {
			isa = PBXSourcesBuildPhase;
			buildActionMask = 2147483647;
			files = (
				85352AA929FF5A3100130AEA /* BeGreenUITests.swift in Sources */,
				85352AAB29FF5A3100130AEA /* BeGreenUITestsLaunchTests.swift in Sources */,
			);
			runOnlyForDeploymentPostprocessing = 0;
		};
/* End PBXSourcesBuildPhase section */

/* Begin PBXTargetDependency section */
		85352A9C29FF5A3100130AEA /* PBXTargetDependency */ = {
			isa = PBXTargetDependency;
			target = 85352A8929FF5A2F00130AEA /* BeGreen */;
			targetProxy = 85352A9B29FF5A3100130AEA /* PBXContainerItemProxy */;
		};
		85352AA629FF5A3100130AEA /* PBXTargetDependency */ = {
			isa = PBXTargetDependency;
			target = 85352A8929FF5A2F00130AEA /* BeGreen */;
			targetProxy = 85352AA529FF5A3100130AEA /* PBXContainerItemProxy */;
		};
/* End PBXTargetDependency section */

/* Begin XCBuildConfiguration section */
		85352AAC29FF5A3100130AEA /* Debug */ = {
			isa = XCBuildConfiguration;
			buildSettings = {
				ALWAYS_SEARCH_USER_PATHS = NO;
				CLANG_ANALYZER_NONNULL = YES;
				CLANG_ANALYZER_NUMBER_OBJECT_CONVERSION = YES_AGGRESSIVE;
				CLANG_CXX_LANGUAGE_STANDARD = "gnu++20";
				CLANG_ENABLE_MODULES = YES;
				CLANG_ENABLE_OBJC_ARC = YES;
				CLANG_ENABLE_OBJC_WEAK = YES;
				CLANG_WARN_BLOCK_CAPTURE_AUTORELEASING = YES;
				CLANG_WARN_BOOL_CONVERSION = YES;
				CLANG_WARN_COMMA = YES;
				CLANG_WARN_CONSTANT_CONVERSION = YES;
				CLANG_WARN_DEPRECATED_OBJC_IMPLEMENTATIONS = YES;
				CLANG_WARN_DIRECT_OBJC_ISA_USAGE = YES_ERROR;
				CLANG_WARN_DOCUMENTATION_COMMENTS = YES;
				CLANG_WARN_EMPTY_BODY = YES;
				CLANG_WARN_ENUM_CONVERSION = YES;
				CLANG_WARN_INFINITE_RECURSION = YES;
				CLANG_WARN_INT_CONVERSION = YES;
				CLANG_WARN_NON_LITERAL_NULL_CONVERSION = YES;
				CLANG_WARN_OBJC_IMPLICIT_RETAIN_SELF = YES;
				CLANG_WARN_OBJC_LITERAL_CONVERSION = YES;
				CLANG_WARN_OBJC_ROOT_CLASS = YES_ERROR;
				CLANG_WARN_QUOTED_INCLUDE_IN_FRAMEWORK_HEADER = YES;
				CLANG_WARN_RANGE_LOOP_ANALYSIS = YES;
				CLANG_WARN_STRICT_PROTOTYPES = YES;
				CLANG_WARN_SUSPICIOUS_MOVE = YES;
				CLANG_WARN_UNGUARDED_AVAILABILITY = YES_AGGRESSIVE;
				CLANG_WARN_UNREACHABLE_CODE = YES;
				CLANG_WARN__DUPLICATE_METHOD_MATCH = YES;
				COPY_PHASE_STRIP = NO;
				DEBUG_INFORMATION_FORMAT = dwarf;
				ENABLE_STRICT_OBJC_MSGSEND = YES;
				ENABLE_TESTABILITY = YES;
				GCC_C_LANGUAGE_STANDARD = gnu11;
				GCC_DYNAMIC_NO_PIC = NO;
				GCC_NO_COMMON_BLOCKS = YES;
				GCC_OPTIMIZATION_LEVEL = 0;
				GCC_PREPROCESSOR_DEFINITIONS = (
					"DEBUG=1",
					"$(inherited)",
				);
				GCC_WARN_64_TO_32_BIT_CONVERSION = YES;
				GCC_WARN_ABOUT_RETURN_TYPE = YES_ERROR;
				GCC_WARN_UNDECLARED_SELECTOR = YES;
				GCC_WARN_UNINITIALIZED_AUTOS = YES_AGGRESSIVE;
				GCC_WARN_UNUSED_FUNCTION = YES;
				GCC_WARN_UNUSED_VARIABLE = YES;
				IPHONEOS_DEPLOYMENT_TARGET = 16.4;
				MTL_ENABLE_DEBUG_INFO = INCLUDE_SOURCE;
				MTL_FAST_MATH = YES;
				ONLY_ACTIVE_ARCH = YES;
				SDKROOT = iphoneos;
				SWIFT_ACTIVE_COMPILATION_CONDITIONS = DEBUG;
				SWIFT_OPTIMIZATION_LEVEL = "-Onone";
			};
			name = Debug;
		};
		85352AAD29FF5A3100130AEA /* Release */ = {
			isa = XCBuildConfiguration;
			buildSettings = {
				ALWAYS_SEARCH_USER_PATHS = NO;
				CLANG_ANALYZER_NONNULL = YES;
				CLANG_ANALYZER_NUMBER_OBJECT_CONVERSION = YES_AGGRESSIVE;
				CLANG_CXX_LANGUAGE_STANDARD = "gnu++20";
				CLANG_ENABLE_MODULES = YES;
				CLANG_ENABLE_OBJC_ARC = YES;
				CLANG_ENABLE_OBJC_WEAK = YES;
				CLANG_WARN_BLOCK_CAPTURE_AUTORELEASING = YES;
				CLANG_WARN_BOOL_CONVERSION = YES;
				CLANG_WARN_COMMA = YES;
				CLANG_WARN_CONSTANT_CONVERSION = YES;
				CLANG_WARN_DEPRECATED_OBJC_IMPLEMENTATIONS = YES;
				CLANG_WARN_DIRECT_OBJC_ISA_USAGE = YES_ERROR;
				CLANG_WARN_DOCUMENTATION_COMMENTS = YES;
				CLANG_WARN_EMPTY_BODY = YES;
				CLANG_WARN_ENUM_CONVERSION = YES;
				CLANG_WARN_INFINITE_RECURSION = YES;
				CLANG_WARN_INT_CONVERSION = YES;
				CLANG_WARN_NON_LITERAL_NULL_CONVERSION = YES;
				CLANG_WARN_OBJC_IMPLICIT_RETAIN_SELF = YES;
				CLANG_WARN_OBJC_LITERAL_CONVERSION = YES;
				CLANG_WARN_OBJC_ROOT_CLASS = YES_ERROR;
				CLANG_WARN_QUOTED_INCLUDE_IN_FRAMEWORK_HEADER = YES;
				CLANG_WARN_RANGE_LOOP_ANALYSIS = YES;
				CLANG_WARN_STRICT_PROTOTYPES = YES;
				CLANG_WARN_SUSPICIOUS_MOVE = YES;
				CLANG_WARN_UNGUARDED_AVAILABILITY = YES_AGGRESSIVE;
				CLANG_WARN_UNREACHABLE_CODE = YES;
				CLANG_WARN__DUPLICATE_METHOD_MATCH = YES;
				COPY_PHASE_STRIP = NO;
				DEBUG_INFORMATION_FORMAT = "dwarf-with-dsym";
				ENABLE_NS_ASSERTIONS = NO;
				ENABLE_STRICT_OBJC_MSGSEND = YES;
				GCC_C_LANGUAGE_STANDARD = gnu11;
				GCC_NO_COMMON_BLOCKS = YES;
				GCC_WARN_64_TO_32_BIT_CONVERSION = YES;
				GCC_WARN_ABOUT_RETURN_TYPE = YES_ERROR;
				GCC_WARN_UNDECLARED_SELECTOR = YES;
				GCC_WARN_UNINITIALIZED_AUTOS = YES_AGGRESSIVE;
				GCC_WARN_UNUSED_FUNCTION = YES;
				GCC_WARN_UNUSED_VARIABLE = YES;
				IPHONEOS_DEPLOYMENT_TARGET = 16.4;
				MTL_ENABLE_DEBUG_INFO = NO;
				MTL_FAST_MATH = YES;
				SDKROOT = iphoneos;
				SWIFT_COMPILATION_MODE = wholemodule;
				SWIFT_OPTIMIZATION_LEVEL = "-O";
				VALIDATE_PRODUCT = YES;
			};
			name = Release;
		};
		85352AAF29FF5A3100130AEA /* Debug */ = {
			isa = XCBuildConfiguration;
			buildSettings = {
				ASSETCATALOG_COMPILER_APPICON_NAME = AppIcon;
				ASSETCATALOG_COMPILER_GLOBAL_ACCENT_COLOR_NAME = AccentColor;
				CODE_SIGN_STYLE = Automatic;
				CURRENT_PROJECT_VERSION = 1;
				DEVELOPMENT_ASSET_PATHS = "\"BeGreen/Preview Content\"";
				DEVELOPMENT_TEAM = J5Y9Y5A5H2;
				ENABLE_PREVIEWS = YES;
				GENERATE_INFOPLIST_FILE = YES;
				INFOPLIST_KEY_UIApplicationSceneManifest_Generation = YES;
				INFOPLIST_KEY_UIApplicationSupportsIndirectInputEvents = YES;
				INFOPLIST_KEY_UILaunchScreen_Generation = YES;
				INFOPLIST_KEY_UISupportedInterfaceOrientations_iPad = "UIInterfaceOrientationPortrait UIInterfaceOrientationPortraitUpsideDown UIInterfaceOrientationLandscapeLeft UIInterfaceOrientationLandscapeRight";
				INFOPLIST_KEY_UISupportedInterfaceOrientations_iPhone = "UIInterfaceOrientationPortrait UIInterfaceOrientationLandscapeLeft UIInterfaceOrientationLandscapeRight";
				LD_RUNPATH_SEARCH_PATHS = (
					"$(inherited)",
					"@executable_path/Frameworks",
				);
				MARKETING_VERSION = 1.0;
				PRODUCT_BUNDLE_IDENTIFIER = BeGreen.BeGreen;
				PRODUCT_NAME = "$(TARGET_NAME)";
				SWIFT_EMIT_LOC_STRINGS = YES;
				SWIFT_VERSION = 5.0;
				TARGETED_DEVICE_FAMILY = "1,2";
			};
			name = Debug;
		};
		85352AB029FF5A3100130AEA /* Release */ = {
			isa = XCBuildConfiguration;
			buildSettings = {
				ASSETCATALOG_COMPILER_APPICON_NAME = AppIcon;
				ASSETCATALOG_COMPILER_GLOBAL_ACCENT_COLOR_NAME = AccentColor;
				CODE_SIGN_STYLE = Automatic;
				CURRENT_PROJECT_VERSION = 1;
				DEVELOPMENT_ASSET_PATHS = "\"BeGreen/Preview Content\"";
				DEVELOPMENT_TEAM = J5Y9Y5A5H2;
				ENABLE_PREVIEWS = YES;
				GENERATE_INFOPLIST_FILE = YES;
				INFOPLIST_KEY_UIApplicationSceneManifest_Generation = YES;
				INFOPLIST_KEY_UIApplicationSupportsIndirectInputEvents = YES;
				INFOPLIST_KEY_UILaunchScreen_Generation = YES;
				INFOPLIST_KEY_UISupportedInterfaceOrientations_iPad = "UIInterfaceOrientationPortrait UIInterfaceOrientationPortraitUpsideDown UIInterfaceOrientationLandscapeLeft UIInterfaceOrientationLandscapeRight";
				INFOPLIST_KEY_UISupportedInterfaceOrientations_iPhone = "UIInterfaceOrientationPortrait UIInterfaceOrientationLandscapeLeft UIInterfaceOrientationLandscapeRight";
				LD_RUNPATH_SEARCH_PATHS = (
					"$(inherited)",
					"@executable_path/Frameworks",
				);
				MARKETING_VERSION = 1.0;
				PRODUCT_BUNDLE_IDENTIFIER = BeGreen.BeGreen;
				PRODUCT_NAME = "$(TARGET_NAME)";
				SWIFT_EMIT_LOC_STRINGS = YES;
				SWIFT_VERSION = 5.0;
				TARGETED_DEVICE_FAMILY = "1,2";
			};
			name = Release;
		};
		85352AB229FF5A3100130AEA /* Debug */ = {
			isa = XCBuildConfiguration;
			buildSettings = {
				ALWAYS_EMBED_SWIFT_STANDARD_LIBRARIES = YES;
				BUNDLE_LOADER = "$(TEST_HOST)";
				CODE_SIGN_STYLE = Automatic;
				CURRENT_PROJECT_VERSION = 1;
				DEVELOPMENT_TEAM = J5Y9Y5A5H2;
				GENERATE_INFOPLIST_FILE = YES;
				IPHONEOS_DEPLOYMENT_TARGET = 16.4;
				MARKETING_VERSION = 1.0;
				PRODUCT_BUNDLE_IDENTIFIER = BeGreen.BeGreenTests;
				PRODUCT_NAME = "$(TARGET_NAME)";
				SWIFT_EMIT_LOC_STRINGS = NO;
				SWIFT_VERSION = 5.0;
				TARGETED_DEVICE_FAMILY = "1,2";
				TEST_HOST = "$(BUILT_PRODUCTS_DIR)/BeGreen.app/$(BUNDLE_EXECUTABLE_FOLDER_PATH)/BeGreen";
			};
			name = Debug;
		};
		85352AB329FF5A3100130AEA /* Release */ = {
			isa = XCBuildConfiguration;
			buildSettings = {
				ALWAYS_EMBED_SWIFT_STANDARD_LIBRARIES = YES;
				BUNDLE_LOADER = "$(TEST_HOST)";
				CODE_SIGN_STYLE = Automatic;
				CURRENT_PROJECT_VERSION = 1;
				DEVELOPMENT_TEAM = J5Y9Y5A5H2;
				GENERATE_INFOPLIST_FILE = YES;
				IPHONEOS_DEPLOYMENT_TARGET = 16.4;
				MARKETING_VERSION = 1.0;
				PRODUCT_BUNDLE_IDENTIFIER = BeGreen.BeGreenTests;
				PRODUCT_NAME = "$(TARGET_NAME)";
				SWIFT_EMIT_LOC_STRINGS = NO;
				SWIFT_VERSION = 5.0;
				TARGETED_DEVICE_FAMILY = "1,2";
				TEST_HOST = "$(BUILT_PRODUCTS_DIR)/BeGreen.app/$(BUNDLE_EXECUTABLE_FOLDER_PATH)/BeGreen";
			};
			name = Release;
		};
		85352AB529FF5A3100130AEA /* Debug */ = {
			isa = XCBuildConfiguration;
			buildSettings = {
				ALWAYS_EMBED_SWIFT_STANDARD_LIBRARIES = YES;
				CODE_SIGN_STYLE = Automatic;
				CURRENT_PROJECT_VERSION = 1;
				DEVELOPMENT_TEAM = J5Y9Y5A5H2;
				GENERATE_INFOPLIST_FILE = YES;
				MARKETING_VERSION = 1.0;
				PRODUCT_BUNDLE_IDENTIFIER = BeGreen.BeGreenUITests;
				PRODUCT_NAME = "$(TARGET_NAME)";
				SWIFT_EMIT_LOC_STRINGS = NO;
				SWIFT_VERSION = 5.0;
				TARGETED_DEVICE_FAMILY = "1,2";
				TEST_TARGET_NAME = BeGreen;
			};
			name = Debug;
		};
		85352AB629FF5A3100130AEA /* Release */ = {
			isa = XCBuildConfiguration;
			buildSettings = {
				ALWAYS_EMBED_SWIFT_STANDARD_LIBRARIES = YES;
				CODE_SIGN_STYLE = Automatic;
				CURRENT_PROJECT_VERSION = 1;
				DEVELOPMENT_TEAM = J5Y9Y5A5H2;
				GENERATE_INFOPLIST_FILE = YES;
				MARKETING_VERSION = 1.0;
				PRODUCT_BUNDLE_IDENTIFIER = BeGreen.BeGreenUITests;
				PRODUCT_NAME = "$(TARGET_NAME)";
				SWIFT_EMIT_LOC_STRINGS = NO;
				SWIFT_VERSION = 5.0;
				TARGETED_DEVICE_FAMILY = "1,2";
				TEST_TARGET_NAME = BeGreen;
			};
			name = Release;
		};
/* End XCBuildConfiguration section */

/* Begin XCConfigurationList section */
		85352A8529FF5A2F00130AEA /* Build configuration list for PBXProject "BeGreen" */ = {
			isa = XCConfigurationList;
			buildConfigurations = (
				85352AAC29FF5A3100130AEA /* Debug */,
				85352AAD29FF5A3100130AEA /* Release */,
			);
			defaultConfigurationIsVisible = 0;
			defaultConfigurationName = Release;
		};
		85352AAE29FF5A3100130AEA /* Build configuration list for PBXNativeTarget "BeGreen" */ = {
			isa = XCConfigurationList;
			buildConfigurations = (
				85352AAF29FF5A3100130AEA /* Debug */,
				85352AB029FF5A3100130AEA /* Release */,
			);
			defaultConfigurationIsVisible = 0;
			defaultConfigurationName = Release;
		};
		85352AB129FF5A3100130AEA /* Build configuration list for PBXNativeTarget "BeGreenTests" */ = {
			isa = XCConfigurationList;
			buildConfigurations = (
				85352AB229FF5A3100130AEA /* Debug */,
				85352AB329FF5A3100130AEA /* Release */,
			);
			defaultConfigurationIsVisible = 0;
			defaultConfigurationName = Release;
		};
		85352AB429FF5A3100130AEA /* Build configuration list for PBXNativeTarget "BeGreenUITests" */ = {
			isa = XCConfigurationList;
			buildConfigurations = (
				85352AB529FF5A3100130AEA /* Debug */,
				85352AB629FF5A3100130AEA /* Release */,
			);
			defaultConfigurationIsVisible = 0;
			defaultConfigurationName = Release;
		};
/* End XCConfigurationList section */
	};
	rootObject = 85352A8229FF5A2F00130AEA /* Project object */;
}
